PODS:
  - EPSGBox (0.1.2)
  - Expecta (1.0.6)
  - Specta (1.0.7)

DEPENDENCIES:
  - EPSGBox (from `../`)
  - Expecta
  - Specta

SPEC REPOS:
  https://github.com/cocoapods/specs.git:
    - Expecta
    - Specta

EXTERNAL SOURCES:
  EPSGBox:
    :path: "../"

SPEC CHECKSUMS:
  EPSGBox: 8c1c034ac97023f9446a71f7e726aa93de6a7326
  Expecta: 3b6bd90a64b9a1dcb0b70aa0e10a7f8f631667d5
  Specta: 3e1bd89c3517421982dc4d1c992503e48bd5fe66

PODFILE CHECKSUM: 0a6cc9f269c25ab7becbf568b30174e63aa753b7

COCOAPODS: 1.6.1
